
Microsoft Visual Studio Solution File, Format Version 12.00
# Visual Studio 15
VisualStudioVersion = 15.0.27004.2002
MinimumVisualStudioVersion = 10.0.40219.1
Project("{FAE04EC0-301F-11D3-BF4B-00C04F79EFBC}") = "Cellar.Api", "Cellar.Api\Cellar.Api.csproj", "{420392B3-152A-466B-BB12-470EBAF2E9D4}"
EndProject
Global
	GlobalSection(SolutionConfigurationPlatforms) = preSolution
		Debug|Any CPU = Debug|Any CPU
		Release|Any CPU = Release|Any CPU
	EndGlobalSection
	GlobalSection(ProjectConfigurationPlatforms) = postSolution
		{420392B3-152A-466B-BB12-470EBAF2E9D4}.Debug|Any CPU.ActiveCfg = Debug|Any CPU
		{420392B3-152A-466B-BB12-470EBAF2E9D4}.Debug|Any CPU.Build.0 = Debug|Any CPU
		{420392B3-152A-466B-BB12-470EBAF2E9D4}.Release|Any CPU.ActiveCfg = Release|Any CPU
		{420392B3-152A-466B-BB12-470EBAF2E9D4}.Release|Any CPU.Build.0 = Release|Any CPU
	EndGlobalSection
	GlobalSection(SolutionProperties) = preSolution
		HideSolutionNode = FALSE
	EndGlobalSection
	GlobalSection(ExtensibilityGlobals) = postSolution
		SolutionGuid = {7082C015-07C4-4BD6-A804-A03A5D2934A1}
	EndGlobalSection
EndGlobal
